{
  "requires": true,
  "lockfileVersion": 1,
  "dependencies": {
    "twitter-bootstrap-wizard": {
      "version": "1.2.0",
      "resolved": "https://registry.npmjs.org/twitter-bootstrap-wizard/-/twitter-bootstrap-wizard-1.2.0.tgz",
      "integrity": "sha1-gBxpX2sB5S3WIulSKxP8uAlCHvA="
    }
  }
}
